<?xml version="1.0" encoding="utf-8"?>
<Project ToolsVersion="4.0" xmlns="http://schemas.microsoft.com/developer/msbuild/2003">
  <ItemGroup>
    <Filter Include="Source Files">
      <UniqueIdentifier>{4FC737F1-C7A5-4376-A066-2A32D752A2FF}</UniqueIdentifier>
      <Extensions>cpp;c;cc;cxx;def;odl;idl;hpj;bat;asm;asmx</Extensions>
    </Filter>
    <Filter Include="Header Files">
      <UniqueIdentifier>{93995380-89BD-4b04-88EB-625FBE52EBFB}</UniqueIdentifier>
      <Extensions>h;hh;hpp;hxx;hm;inl;inc;ipp;xsd</Extensions>
    </Filter>
    <Filter Include="Source Files\Objects">
      <UniqueIdentifier>{ac46202c-261f-447d-91f5-b3fd0fef51e1}</UniqueIdentifier>
    </Filter>
    <Filter Include="Header Files\Objects">
      <UniqueIdentifier>{3e45f626-3026-4591-a99e-9e1f7ed31d6c}</UniqueIdentifier>
    </Filter>
    <Filter Include="Header Files\StartGame">
      <UniqueIdentifier>{a4f29869-e5d5-48ee-8ae7-778f78277d34}</UniqueIdentifier>
    </Filter>
    <Filter Include="Header Files\Game">
      <UniqueIdentifier>{a29de7d9-b0f3-43b0-8ca2-d876bddababa}</UniqueIdentifier>
    </Filter>
    <Filter Include="Source Files\StartGame">
      <UniqueIdentifier>{a789a8a7-4e40-4a67-b917-b1f8714d4fca}</UniqueIdentifier>
    </Filter>
    <Filter Include="Source Files\Game">
      <UniqueIdentifier>{4bca0b1c-3c94-4772-985f-fcd38ed6a0e4}</UniqueIdentifier>
    </Filter>
  </ItemGroup>
  <ItemGroup>
    <ClCompile Include="Mario.cpp">
      <Filter>Source Files\Objects</Filter>
    </ClCompile>
    <ClCompile Include="Goomba.cpp">
      <Filter>Source Files\Objects</Filter>
    </ClCompile>
    <ClCompile Include="Turtle.cpp">
      <Filter>Source Files\Objects</Filter>
    </ClCompile>
    <ClCompile Include="ExitButton.cpp">
      <Filter>Source Files\StartGame</Filter>
    </ClCompile>
    <ClCompile Include="HelpButton.cpp">
      <Filter>Source Files\StartGame</Filter>
    </ClCompile>
    <ClCompile Include="main.cpp">
      <Filter>Source Files\StartGame</Filter>
    </ClCompile>
    <ClCompile Include="Menu.cpp">
      <Filter>Source Files\StartGame</Filter>
    </ClCompile>
    <ClCompile Include="StartButton.cpp">
      <Filter>Source Files\StartGame</Filter>
    </ClCompile>
    <ClCompile Include="Colission.cpp">
      <Filter>Source Files\Game</Filter>
    </ClCompile>
    <ClCompile Include="Controller.cpp">
      <Filter>Source Files\Game</Filter>
    </ClCompile>
    <ClCompile Include="GameBar.cpp">
      <Filter>Source Files\Game</Filter>
    </ClCompile>
    <ClCompile Include="Level.cpp">
      <Filter>Source Files\Game</Filter>
    </ClCompile>
  </ItemGroup>
  <ItemGroup>
    <ClInclude Include="Box.h">
      <Filter>Header Files\Objects</Filter>
    </ClInclude>
    <ClInclude Include="Brick.h">
      <Filter>Header Files\Objects</Filter>
    </ClInclude>
    <ClInclude Include="Bush.h">
      <Filter>Header Files\Objects</Filter>
    </ClInclude>
    <ClInclude Include="Cloud.h">
      <Filter>Header Files\Objects</Filter>
    </ClInclude>
    <ClInclude Include="Coin.h">
      <Filter>Header Files\Objects</Filter>
    </ClInclude>
    <ClInclude Include="DynamicObject.h">
      <Filter>Header Files\Objects</Filter>
    </ClInclude>
    <ClInclude Include="Enemy.h">
      <Filter>Header Files\Objects</Filter>
    </ClInclude>
    <ClInclude Include="GameObject.h">
      <Filter>Header Files\Objects</Filter>
    </ClInclude>
    <ClInclude Include="Goomba.h">
      <Filter>Header Files\Objects</Filter>
    </ClInclude>
    <ClInclude Include="Hill.h">
      <Filter>Header Files\Objects</Filter>
    </ClInclude>
    <ClInclude Include="Mario.h">
      <Filter>Header Files\Objects</Filter>
    </ClInclude>
    <ClInclude Include="Pipe.h">
      <Filter>Header Files\Objects</Filter>
    </ClInclude>
    <ClInclude Include="Turtle.h">
      <Filter>Header Files\Objects</Filter>
    </ClInclude>
    <ClInclude Include="Wall.h">
      <Filter>Header Files\Objects</Filter>
    </ClInclude>
    <ClInclude Include="Castle.h">
      <Filter>Header Files\Objects</Filter>
    </ClInclude>
    <ClInclude Include="Button.h">
      <Filter>Header Files\StartGame</Filter>
    </ClInclude>
    <ClInclude Include="ExitButton.h">
      <Filter>Header Files\StartGame</Filter>
    </ClInclude>
    <ClInclude Include="HelpButton.h">
      <Filter>Header Files\StartGame</Filter>
    </ClInclude>
    <ClInclude Include="Menu.h">
      <Filter>Header Files\StartGame</Filter>
    </ClInclude>
    <ClInclude Include="StartButton.h">
      <Filter>Header Files\StartGame</Filter>
    </ClInclude>
    <ClInclude Include="StaticObject.h">
      <Filter>Header Files\Objects</Filter>
    </ClInclude>
    <ClInclude Include="GameBar.h">
      <Filter>Header Files\Game</Filter>
    </ClInclude>
    <ClInclude Include="Level.h">
      <Filter>Header Files\Game</Filter>
    </ClInclude>
    <ClInclude Include="Controller.h">
      <Filter>Header Files\Game</Filter>
    </ClInclude>
    <ClInclude Include="Colission.h">
      <Filter>Header Files\Game</Filter>
    </ClInclude>
    <ClInclude Include="Resources.h">
      <Filter>Header Files\Game</Filter>
    </ClInclude>
  </ItemGroup>
  <ItemGroup>
    <Text Include="1.txt" />
    <Text Include="2.txt" />
    <Text Include="3.txt" />
  </ItemGroup>
</Project>